// !$*UTF8*$!
{
	archiveVersion = 1;
	classes = {
	};
	objectVersion = 77;
	objects = {

/* Begin PBXContainerItemProxy section */
		15C96EF22E45B3B9009729F7 /* PBXContainerItemProxy */ = {
			isa = PBXContainerItemProxy;
			containerPortal = 15C96EDC2E45B3B5009729F7 /* Project object */;
			proxyType = 1;
			remoteGlobalIDString = 15C96EE32E45B3B5009729F7;
			remoteInfo = advice_self;
		};
		15C96EFC2E45B3B9009729F7 /* PBXContainerItemProxy */ = {
			isa = PBXContainerItemProxy;
			containerPortal = 15C96EDC2E45B3B5009729F7 /* Project object */;
			proxyType = 1;
			remoteGlobalIDString = 15C96EE32E45B3B5009729F7;
			remoteInfo = advice_self;
		};
/* End PBXContainerItemProxy section */

/* Begin PBXFileReference section */
		15C96EE42E45B3B5009729F7 /* advice_self.app */ = {isa = PBXFileReference; explicitFileType = wrapper.application; includeInIndex = 0; path = advice_self.app; sourceTree = BUILT_PRODUCTS_DIR; };
		15C96EF12E45B3B9009729F7 /* advice_selfTests.xctest */ = {isa = PBXFileReference; explicitFileType = wrapper.cfbundle; includeInIndex = 0; path = advice_selfTests.xctest; sourceTree = BUILT_PRODUCTS_DIR; };
		15C96EFB2E45B3B9009729F7 /* advice_selfUITests.xctest */ = {isa = PBXFileReference; explicitFileType = wrapper.cfbundle; includeInIndex = 0; path = advice_selfUITests.xctest; sourceTree = BUILT_PRODUCTS_DIR; };
/* End PBXFileReference section */

/* Begin PBXFileSystemSynchronizedRootGroup section */
		15C96EE62E45B3B5009729F7 /* advice_self */ = {
			isa = PBXFileSystemSynchronizedRootGroup;
			path = advice_self;
			sourceTree = "<group>";
		};
		15C96EF42E45B3B9009729F7 /* advice_selfTests */ = {
			isa = PBXFileSystemSynchronizedRootGroup;
			path = advice_selfTests;
			sourceTree = "<group>";
		};
		15C96EFE2E45B3B9009729F7 /* advice_selfUITests */ = {
			isa = PBXFileSystemSynchronizedRootGroup;
			path = advice_selfUITests;
			sourceTree = "<group>";
		};
/* End PBXFileSystemSynchronizedRootGroup section */

/* Begin PBXFrameworksBuildPhase section */
		15C96EE12E45B3B5009729F7 /* Frameworks */ = {
			isa = PBXFrameworksBuildPhase;
			buildActionMask = 2147483647;
			files = (
			);
			runOnlyForDeploymentPostprocessing = 0;
		};
		15C96EEE2E45B3B9009729F7 /* Frameworks */ = {
			isa = PBXFrameworksBuildPhase;
			buildActionMask = 2147483647;
			files = (
			);
			runOnlyForDeploymentPostprocessing = 0;
		};
		15C96EF82E45B3B9009729F7 /* Frameworks */ = {
			isa = PBXFrameworksBuildPhase;
			buildActionMask = 2147483647;
			files = (
			);
			runOnlyForDeploymentPostprocessing = 0;
		};
/* End PBXFrameworksBuildPhase section */

/* Begin PBXGroup section */
		15C96EDB2E45B3B5009729F7 = {
			isa = PBXGroup;
			children = (
				15C96EE62E45B3B5009729F7 /* advice_self */,
				15C96EF42E45B3B9009729F7 /* advice_selfTests */,
				15C96EFE2E45B3B9009729F7 /* advice_selfUITests */,
				15C96EE52E45B3B5009729F7 /* Products */,
			);
			sourceTree = "<group>";
		};
		15C96EE52E45B3B5009729F7 /* Products */ = {
			isa = PBXGroup;
			children = (
				15C96EE42E45B3B5009729F7 /* advice_self.app */,
				15C96EF12E45B3B9009729F7 /* advice_selfTests.xctest */,
				15C96EFB2E45B3B9009729F7 /* advice_selfUITests.xctest */,
			);
			name = Products;
			sourceTree = "<group>";
		};
/* End PBXGroup section */

/* Begin PBXNativeTarget section */
		15C96EE32E45B3B5009729F7 /* advice_self */ = {
			isa = PBXNativeTarget;
			buildConfigurationList = 15C96F052E45B3B9009729F7 /* Build configuration list for PBXNativeTarget "advice_self" */;
			buildPhases = (
				15C96EE02E45B3B5009729F7 /* Sources */,
				15C96EE12E45B3B5009729F7 /* Frameworks */,
				15C96EE22E45B3B5009729F7 /* Resources */,
			);
			buildRules = (
			);
			dependencies = (
			);
			fileSystemSynchronizedGroups = (
				15C96EE62E45B3B5009729F7 /* advice_self */,
			);
			name = advice_self;
			packageProductDependencies = (
			);
			productName = advice_self;
			productReference = 15C96EE42E45B3B5009729F7 /* advice_self.app */;
			productType = "com.apple.product-type.application";
		};
		15C96EF02E45B3B9009729F7 /* advice_selfTests */ = {
			isa = PBXNativeTarget;
			buildConfigurationList = 15C96F082E45B3B9009729F7 /* Build configuration list for PBXNativeTarget "advice_selfTests" */;
			buildPhases = (
				15C96EED2E45B3B9009729F7 /* Sources */,
				15C96EEE2E45B3B9009729F7 /* Frameworks */,
				15C96EEF2E45B3B9009729F7 /* Resources */,
			);
			buildRules = (
			);
			dependencies = (
				15C96EF32E45B3B9009729F7 /* PBXTargetDependency */,
			);
			fileSystemSynchronizedGroups = (
				15C96EF42E45B3B9009729F7 /* advice_selfTests */,
			);
			name = advice_selfTests;
			packageProductDependencies = (
			);
			productName = advice_selfTests;
			productReference = 15C96EF12E45B3B9009729F7 /* advice_selfTests.xctest */;
			productType = "com.apple.product-type.bundle.unit-test";
		};
		15C96EFA2E45B3B9009729F7 /* advice_selfUITests */ = {
			isa = PBXNativeTarget;
			buildConfigurationList = 15C96F0B2E45B3B9009729F7 /* Build configuration list for PBXNativeTarget "advice_selfUITests" */;
			buildPhases = (
				15C96EF72E45B3B9009729F7 /* Sources */,
				15C96EF82E45B3B9009729F7 /* Frameworks */,
				15C96EF92E45B3B9009729F7 /* Resources */,
			);
			buildRules = (
			);
			dependencies = (
				15C96EFD2E45B3B9009729F7 /* PBXTargetDependency */,
			);
			fileSystemSynchronizedGroups = (
				15C96EFE2E45B3B9009729F7 /* advice_selfUITests */,
			);
			name = advice_selfUITests;
			packageProductDependencies = (
			);
			productName = advice_selfUITests;
			productReference = 15C96EFB2E45B3B9009729F7 /* advice_selfUITests.xctest */;
			productType = "com.apple.product-type.bundle.ui-testing";
		};
/* End PBXNativeTarget section */

/* Begin PBXProject section */
		15C96EDC2E45B3B5009729F7 /* Project object */ = {
			isa = PBXProject;
			attributes = {
				BuildIndependentTargetsInParallel = 1;
				LastSwiftUpdateCheck = 1640;
				LastUpgradeCheck = 1640;
				TargetAttributes = {
					15C96EE32E45B3B5009729F7 = {
						CreatedOnToolsVersion = 16.4;
					};
					15C96EF02E45B3B9009729F7 = {
						CreatedOnToolsVersion = 16.4;
						TestTargetID = 15C96EE32E45B3B5009729F7;
					};
					15C96EFA2E45B3B9009729F7 = {
						CreatedOnToolsVersion = 16.4;
						TestTargetID = 15C96EE32E45B3B5009729F7;
					};
				};
			};
			buildConfigurationList = 15C96EDF2E45B3B5009729F7 /* Build configuration list for PBXProject "advice_self" */;
			developmentRegion = en;
			hasScannedForEncodings = 0;
			knownRegions = (
				en,
				Base,
			);
			mainGroup = 15C96EDB2E45B3B5009729F7;
			minimizedProjectReferenceProxies = 1;
			preferredProjectObjectVersion = 77;
			productRefGroup = 15C96EE52E45B3B5009729F7 /* Products */;
			projectDirPath = "";
			projectRoot = "";
			targets = (
				15C96EE32E45B3B5009729F7 /* advice_self */,
				15C96EF02E45B3B9009729F7 /* advice_selfTests */,
				15C96EFA2E45B3B9009729F7 /* advice_selfUITests */,
			);
		};
/* End PBXProject section */

/* Begin PBXResourcesBuildPhase section */
		15C96EE22E45B3B5009729F7 /* Resources */ = {
			isa = PBXResourcesBuildPhase;
			buildActionMask = 2147483647;
			files = (
			);
			runOnlyForDeploymentPostprocessing = 0;
		};
		15C96EEF2E45B3B9009729F7 /* Resources */ = {
			isa = PBXResourcesBuildPhase;
			buildActionMask = 2147483647;
			files = (
			);
			runOnlyForDeploymentPostprocessing = 0;
		};
		15C96EF92E45B3B9009729F7 /* Resources */ = {
			isa = PBXResourcesBuildPhase;
			buildActionMask = 2147483647;
			files = (
			);
			runOnlyForDeploymentPostprocessing = 0;
		};
/* End PBXResourcesBuildPhase section */

/* Begin PBXSourcesBuildPhase section */
		15C96EE02E45B3B5009729F7 /* Sources */ = {
			isa = PBXSourcesBuildPhase;
			buildActionMask = 2147483647;
			files = (
			);
			runOnlyForDeploymentPostprocessing = 0;
		};
		15C96EED2E45B3B9009729F7 /* Sources */ = {
			isa = PBXSourcesBuildPhase;
			buildActionMask = 2147483647;
			files = (
			);
			runOnlyForDeploymentPostprocessing = 0;
		};
		15C96EF72E45B3B9009729F7 /* Sources */ = {
			isa = PBXSourcesBuildPhase;
			buildActionMask = 2147483647;
			files = (
			);
			runOnlyForDeploymentPostprocessing = 0;
		};
/* End PBXSourcesBuildPhase section */

/* Begin PBXTargetDependency section */
		15C96EF32E45B3B9009729F7 /* PBXTargetDependency */ = {
			isa = PBXTargetDependency;
			target = 15C96EE32E45B3B5009729F7 /* advice_self */;
			targetProxy = 15C96EF22E45B3B9009729F7 /* PBXContainerItemProxy */;
		};
		15C96EFD2E45B3B9009729F7 /* PBXTargetDependency */ = {
			isa = PBXTargetDependency;
			target = 15C96EE32E45B3B5009729F7 /* advice_self */;
			targetProxy = 15C96EFC2E45B3B9009729F7 /* PBXContainerItemProxy */;
		};
/* End PBXTargetDependency section */

/* Begin XCBuildConfiguration section */
		15C96F032E45B3B9009729F7 /* Debug */ = {
			isa = XCBuildConfiguration;
			buildSettings = {
				ALWAYS_SEARCH_USER_PATHS = NO;
				ASSETCATALOG_COMPILER_GENERATE_SWIFT_ASSET_SYMBOL_EXTENSIONS = YES;
				CLANG_ANALYZER_NONNULL = YES;
				CLANG_ANALYZER_NUMBER_OBJECT_CONVERSION = YES_AGGRESSIVE;
				CLANG_CXX_LANGUAGE_STANDARD = "gnu++20";
				CLANG_ENABLE_MODULES = YES;
				CLANG_ENABLE_OBJC_ARC = YES;
				CLANG_ENABLE_OBJC_WEAK = YES;
				CLANG_WARN_BLOCK_CAPTURE_AUTORELEASING = YES;
				CLANG_WARN_BOOL_CONVERSION = YES;
				CLANG_WARN_COMMA = YES;
				CLANG_WARN_CONSTANT_CONVERSION = YES;
				CLANG_WARN_DEPRECATED_OBJC_IMPLEMENTATIONS = YES;
				CLANG_WARN_DIRECT_OBJC_ISA_USAGE = YES_ERROR;
				CLANG_WARN_DOCUMENTATION_COMMENTS = YES;
				CLANG_WARN_EMPTY_BODY = YES;
				CLANG_WARN_ENUM_CONVERSION = YES;
				CLANG_WARN_INFINITE_RECURSION = YES;
				CLANG_WARN_INT_CONVERSION = YES;
				CLANG_WARN_NON_LITERAL_NULL_CONVERSION = YES;
				CLANG_WARN_OBJC_IMPLICIT_RETAIN_SELF = YES;
				CLANG_WARN_OBJC_LITERAL_CONVERSION = YES;
				CLANG_WARN_OBJC_ROOT_CLASS = YES_ERROR;
				CLANG_WARN_QUOTED_INCLUDE_IN_FRAMEWORK_HEADER = YES;
				CLANG_WARN_RANGE_LOOP_ANALYSIS = YES;
				CLANG_WARN_STRICT_PROTOTYPES = YES;
				CLANG_WARN_SUSPICIOUS_MOVE = YES;
				CLANG_WARN_UNGUARDED_AVAILABILITY = YES_AGGRESSIVE;
				CLANG_WARN_UNREACHABLE_CODE = YES;
				CLANG_WARN__DUPLICATE_METHOD_MATCH = YES;
				COPY_PHASE_STRIP = NO;
				DEBUG_INFORMATION_FORMAT = dwarf;
				ENABLE_STRICT_OBJC_MSGSEND = YES;
				ENABLE_TESTABILITY = YES;
				ENABLE_USER_SCRIPT_SANDBOXING = YES;
				GCC_C_LANGUAGE_STANDARD = gnu17;
				GCC_DYNAMIC_NO_PIC = NO;
				GCC_NO_COMMON_BLOCKS = YES;
				GCC_OPTIMIZATION_LEVEL = 0;
				GCC_PREPROCESSOR_DEFINITIONS = (
					"DEBUG=1",
					"$(inherited)",
				);
				GCC_WARN_64_TO_32_BIT_CONVERSION = YES;
				GCC_WARN_ABOUT_RETURN_TYPE = YES_ERROR;
				GCC_WARN_UNDECLARED_SELECTOR = YES;
				GCC_WARN_UNINITIALIZED_AUTOS = YES_AGGRESSIVE;
				GCC_WARN_UNUSED_FUNCTION = YES;
				GCC_WARN_UNUSED_VARIABLE = YES;
				IPHONEOS_DEPLOYMENT_TARGET = 18.5;
				LOCALIZATION_PREFERS_STRING_CATALOGS = YES;
				MTL_ENABLE_DEBUG_INFO = INCLUDE_SOURCE;
				MTL_FAST_MATH = YES;
				ONLY_ACTIVE_ARCH = YES;
				SDKROOT = iphoneos;
				SWIFT_ACTIVE_COMPILATION_CONDITIONS = "DEBUG $(inherited)";
				SWIFT_OPTIMIZATION_LEVEL = "-Onone";
			};
			name = Debug;
		};
		15C96F042E45B3B9009729F7 /* Release */ = {
			isa = XCBuildConfiguration;
			buildSettings = {
				ALWAYS_SEARCH_USER_PATHS = NO;
				ASSETCATALOG_COMPILER_GENERATE_SWIFT_ASSET_SYMBOL_EXTENSIONS = YES;
				CLANG_ANALYZER_NONNULL = YES;
				CLANG_ANALYZER_NUMBER_OBJECT_CONVERSION = YES_AGGRESSIVE;
				CLANG_CXX_LANGUAGE_STANDARD = "gnu++20";
				CLANG_ENABLE_MODULES = YES;
				CLANG_ENABLE_OBJC_ARC = YES;
				CLANG_ENABLE_OBJC_WEAK = YES;
				CLANG_WARN_BLOCK_CAPTURE_AUTORELEASING = YES;
				CLANG_WARN_BOOL_CONVERSION = YES;
				CLANG_WARN_COMMA = YES;
				CLANG_WARN_CONSTANT_CONVERSION = YES;
				CLANG_WARN_DEPRECATED_OBJC_IMPLEMENTATIONS = YES;
				CLANG_WARN_DIRECT_OBJC_ISA_USAGE = YES_ERROR;
				CLANG_WARN_DOCUMENTATION_COMMENTS = YES;
				CLANG_WARN_EMPTY_BODY = YES;
				CLANG_WARN_ENUM_CONVERSION = YES;
				CLANG_WARN_INFINITE_RECURSION = YES;
				CLANG_WARN_INT_CONVERSION = YES;
				CLANG_WARN_NON_LITERAL_NULL_CONVERSION = YES;
				CLANG_WARN_OBJC_IMPLICIT_RETAIN_SELF = YES;
				CLANG_WARN_OBJC_LITERAL_CONVERSION = YES;
				CLANG_WARN_OBJC_ROOT_CLASS = YES_ERROR;
				CLANG_WARN_QUOTED_INCLUDE_IN_FRAMEWORK_HEADER = YES;
				CLANG_WARN_RANGE_LOOP_ANALYSIS = YES;
				CLANG_WARN_STRICT_PROTOTYPES = YES;
				CLANG_WARN_SUSPICIOUS_MOVE = YES;
				CLANG_WARN_UNGUARDED_AVAILABILITY = YES_AGGRESSIVE;
				CLANG_WARN_UNREACHABLE_CODE = YES;
				CLANG_WARN__DUPLICATE_METHOD_MATCH = YES;
				COPY_PHASE_STRIP = NO;
				DEBUG_INFORMATION_FORMAT = "dwarf-with-dsym";
				ENABLE_NS_ASSERTIONS = NO;
				ENABLE_STRICT_OBJC_MSGSEND = YES;
				ENABLE_USER_SCRIPT_SANDBOXING = YES;
				GCC_C_LANGUAGE_STANDARD = gnu17;
				GCC_NO_COMMON_BLOCKS = YES;
				GCC_WARN_64_TO_32_BIT_CONVERSION = YES;
				GCC_WARN_ABOUT_RETURN_TYPE = YES_ERROR;
				GCC_WARN_UNDECLARED_SELECTOR = YES;
				GCC_WARN_UNINITIALIZED_AUTOS = YES_AGGRESSIVE;
				GCC_WARN_UNUSED_FUNCTION = YES;
				GCC_WARN_UNUSED_VARIABLE = YES;
				IPHONEOS_DEPLOYMENT_TARGET = 18.5;
				LOCALIZATION_PREFERS_STRING_CATALOGS = YES;
				MTL_ENABLE_DEBUG_INFO = NO;
				MTL_FAST_MATH = YES;
				SDKROOT = iphoneos;
				SWIFT_COMPILATION_MODE = wholemodule;
				VALIDATE_PRODUCT = YES;
			};
			name = Release;
		};
		15C96F062E45B3B9009729F7 /* Debug */ = {
			isa = XCBuildConfiguration;
			buildSettings = {
				ASSETCATALOG_COMPILER_APPICON_NAME = AppIcon;
				ASSETCATALOG_COMPILER_GLOBAL_ACCENT_COLOR_NAME = AccentColor;
				CODE_SIGN_STYLE = Automatic;
				CURRENT_PROJECT_VERSION = 1;
				DEVELOPMENT_TEAM = 8WKPF3B9X3;
				ENABLE_PREVIEWS = YES;
				GENERATE_INFOPLIST_FILE = YES;
				INFOPLIST_KEY_NSCameraUsageDescription = "カメラの使用を許可";
				INFOPLIST_KEY_NSPhotoLibraryAddUsageDescription = "画像保存の許可";
				INFOPLIST_KEY_NSPhotoLibraryUsageDescription = "写真ライブラリから画像を選択するためにアクセス許可が必要です。";
				INFOPLIST_KEY_UIApplicationSceneManifest_Generation = YES;
				INFOPLIST_KEY_UIApplicationSupportsIndirectInputEvents = YES;
				INFOPLIST_KEY_UILaunchScreen_Generation = YES;
				INFOPLIST_KEY_UISupportedInterfaceOrientations_iPad = "UIInterfaceOrientationPortrait UIInterfaceOrientationPortraitUpsideDown UIInterfaceOrientationLandscapeLeft UIInterfaceOrientationLandscapeRight";
				INFOPLIST_KEY_UISupportedInterfaceOrientations_iPhone = "UIInterfaceOrientationPortrait UIInterfaceOrientationLandscapeLeft UIInterfaceOrientationLandscapeRight";
				LD_RUNPATH_SEARCH_PATHS = (
					"$(inherited)",
					"@executable_path/Frameworks",
				);
				MARKETING_VERSION = 1.0;
				PRODUCT_BUNDLE_IDENTIFIER = "takumi.com.advice-self";
				PRODUCT_NAME = "$(TARGET_NAME)";
				SWIFT_EMIT_LOC_STRINGS = YES;
				SWIFT_VERSION = 5.0;
				TARGETED_DEVICE_FAMILY = "1,2";
			};
			name = Debug;
		};
		15C96F072E45B3B9009729F7 /* Release */ = {
			isa = XCBuildConfiguration;
			buildSettings = {
				ASSETCATALOG_COMPILER_APPICON_NAME = AppIcon;
				ASSETCATALOG_COMPILER_GLOBAL_ACCENT_COLOR_NAME = AccentColor;
				CODE_SIGN_STYLE = Automatic;
				CURRENT_PROJECT_VERSION = 1;
				DEVELOPMENT_TEAM = 8WKPF3B9X3;
				ENABLE_PREVIEWS = YES;
				GENERATE_INFOPLIST_FILE = YES;
				INFOPLIST_KEY_NSCameraUsageDescription = "カメラの使用を許可";
				INFOPLIST_KEY_NSPhotoLibraryAddUsageDescription = "画像保存の許可";
				INFOPLIST_KEY_NSPhotoLibraryUsageDescription = "写真ライブラリから画像を選択するためにアクセス許可が必要です。";
				INFOPLIST_KEY_UIApplicationSceneManifest_Generation = YES;
				INFOPLIST_KEY_UIApplicationSupportsIndirectInputEvents = YES;
				INFOPLIST_KEY_UILaunchScreen_Generation = YES;
				INFOPLIST_KEY_UISupportedInterfaceOrientations_iPad = "UIInterfaceOrientationPortrait UIInterfaceOrientationPortraitUpsideDown UIInterfaceOrientationLandscapeLeft UIInterfaceOrientationLandscapeRight";
				INFOPLIST_KEY_UISupportedInterfaceOrientations_iPhone = "UIInterfaceOrientationPortrait UIInterfaceOrientationLandscapeLeft UIInterfaceOrientationLandscapeRight";
				LD_RUNPATH_SEARCH_PATHS = (
					"$(inherited)",
					"@executable_path/Frameworks",
				);
				MARKETING_VERSION = 1.0;
				PRODUCT_BUNDLE_IDENTIFIER = "takumi.com.advice-self";
				PRODUCT_NAME = "$(TARGET_NAME)";
				SWIFT_EMIT_LOC_STRINGS = YES;
				SWIFT_VERSION = 5.0;
				TARGETED_DEVICE_FAMILY = "1,2";
			};
			name = Release;
		};
		15C96F092E45B3B9009729F7 /* Debug */ = {
			isa = XCBuildConfiguration;
			buildSettings = {
				BUNDLE_LOADER = "$(TEST_HOST)";
				CODE_SIGN_STYLE = Automatic;
				CURRENT_PROJECT_VERSION = 1;
				GENERATE_INFOPLIST_FILE = YES;
				IPHONEOS_DEPLOYMENT_TARGET = 18.5;
				MARKETING_VERSION = 1.0;
				PRODUCT_BUNDLE_IDENTIFIER = "takumi.com.advice-selfTests";
				PRODUCT_NAME = "$(TARGET_NAME)";
				SWIFT_EMIT_LOC_STRINGS = NO;
				SWIFT_VERSION = 5.0;
				TARGETED_DEVICE_FAMILY = "1,2";
				TEST_HOST = "$(BUILT_PRODUCTS_DIR)/advice_self.app/$(BUNDLE_EXECUTABLE_FOLDER_PATH)/advice_self";
			};
			name = Debug;
		};
		15C96F0A2E45B3B9009729F7 /* Release */ = {
			isa = XCBuildConfiguration;
			buildSettings = {
				BUNDLE_LOADER = "$(TEST_HOST)";
				CODE_SIGN_STYLE = Automatic;
				CURRENT_PROJECT_VERSION = 1;
				GENERATE_INFOPLIST_FILE = YES;
				IPHONEOS_DEPLOYMENT_TARGET = 18.5;
				MARKETING_VERSION = 1.0;
				PRODUCT_BUNDLE_IDENTIFIER = "takumi.com.advice-selfTests";
				PRODUCT_NAME = "$(TARGET_NAME)";
				SWIFT_EMIT_LOC_STRINGS = NO;
				SWIFT_VERSION = 5.0;
				TARGETED_DEVICE_FAMILY = "1,2";
				TEST_HOST = "$(BUILT_PRODUCTS_DIR)/advice_self.app/$(BUNDLE_EXECUTABLE_FOLDER_PATH)/advice_self";
			};
			name = Release;
		};
		15C96F0C2E45B3B9009729F7 /* Debug */ = {
			isa = XCBuildConfiguration;
			buildSettings = {
				CODE_SIGN_STYLE = Automatic;
				CURRENT_PROJECT_VERSION = 1;
				GENERATE_INFOPLIST_FILE = YES;
				MARKETING_VERSION = 1.0;
				PRODUCT_BUNDLE_IDENTIFIER = "takumi.com.advice-selfUITests";
				PRODUCT_NAME = "$(TARGET_NAME)";
				SWIFT_EMIT_LOC_STRINGS = NO;
				SWIFT_VERSION = 5.0;
				TARGETED_DEVICE_FAMILY = "1,2";
				TEST_TARGET_NAME = advice_self;
			};
			name = Debug;
		};
		15C96F0D2E45B3B9009729F7 /* Release */ = {
			isa = XCBuildConfiguration;
			buildSettings = {
				CODE_SIGN_STYLE = Automatic;
				CURRENT_PROJECT_VERSION = 1;
				GENERATE_INFOPLIST_FILE = YES;
				MARKETING_VERSION = 1.0;
				PRODUCT_BUNDLE_IDENTIFIER = "takumi.com.advice-selfUITests";
				PRODUCT_NAME = "$(TARGET_NAME)";
				SWIFT_EMIT_LOC_STRINGS = NO;
				SWIFT_VERSION = 5.0;
				TARGETED_DEVICE_FAMILY = "1,2";
				TEST_TARGET_NAME = advice_self;
			};
			name = Release;
		};
/* End XCBuildConfiguration section */

/* Begin XCConfigurationList section */
		15C96EDF2E45B3B5009729F7 /* Build configuration list for PBXProject "advice_self" */ = {
			isa = XCConfigurationList;
			buildConfigurations = (
				15C96F032E45B3B9009729F7 /* Debug */,
				15C96F042E45B3B9009729F7 /* Release */,
			);
			defaultConfigurationIsVisible = 0;
			defaultConfigurationName = Release;
		};
		15C96F052E45B3B9009729F7 /* Build configuration list for PBXNativeTarget "advice_self" */ = {
			isa = XCConfigurationList;
			buildConfigurations = (
				15C96F062E45B3B9009729F7 /* Debug */,
				15C96F072E45B3B9009729F7 /* Release */,
			);
			defaultConfigurationIsVisible = 0;
			defaultConfigurationName = Release;
		};
		15C96F082E45B3B9009729F7 /* Build configuration list for PBXNativeTarget "advice_selfTests" */ = {
			isa = XCConfigurationList;
			buildConfigurations = (
				15C96F092E45B3B9009729F7 /* Debug */,
				15C96F0A2E45B3B9009729F7 /* Release */,
			);
			defaultConfigurationIsVisible = 0;
			defaultConfigurationName = Release;
		};
		15C96F0B2E45B3B9009729F7 /* Build configuration list for PBXNativeTarget "advice_selfUITests" */ = {
			isa = XCConfigurationList;
			buildConfigurations = (
				15C96F0C2E45B3B9009729F7 /* Debug */,
				15C96F0D2E45B3B9009729F7 /* Release */,
			);
			defaultConfigurationIsVisible = 0;
			defaultConfigurationName = Release;
		};
/* End XCConfigurationList section */
	};
	rootObject = 15C96EDC2E45B3B5009729F7 /* Project object */;
}
